// !$*UTF8*$!
{
	archiveVersion = 1;
	classes = {
	};
	objectVersion = 50;
	objects = {

/* Begin PBXBuildFile section */
		191D5256228CAA7E0094F394 /* AppDelegate.swift in Sources */ = {isa = PBXBuildFile; fileRef = 191D5255228CAA7E0094F394 /* AppDelegate.swift */; };
		191D5258228CAA7E0094F394 /* ViewController.swift in Sources */ = {isa = PBXBuildFile; fileRef = 191D5257228CAA7E0094F394 /* ViewController.swift */; };
		191D525B228CAA7E0094F394 /* Main.storyboard in Resources */ = {isa = PBXBuildFile; fileRef = 191D5259228CAA7E0094F394 /* Main.storyboard */; };
		191D525D228CAA7F0094F394 /* Assets.xcassets in Resources */ = {isa = PBXBuildFile; fileRef = 191D525C228CAA7F0094F394 /* Assets.xcassets */; };
		191D5260228CAA7F0094F394 /* LaunchScreen.storyboard in Resources */ = {isa = PBXBuildFile; fileRef = 191D525E228CAA7F0094F394 /* LaunchScreen.storyboard */; };
		191D5271228CCF070094F394 /* Gradient.swift in Sources */ = {isa = PBXBuildFile; fileRef = 191D5270228CCF070094F394 /* Gradient.swift */; };
		1962B3F4228F56950020E2D8 /* Aluno.swift in Sources */ = {isa = PBXBuildFile; fileRef = 1962B3F3228F56950020E2D8 /* Aluno.swift */; };
		1962B3F6228F57110020E2D8 /* Classe.swift in Sources */ = {isa = PBXBuildFile; fileRef = 1962B3F5228F57110020E2D8 /* Classe.swift */; };
/* End PBXBuildFile section */

/* Begin PBXFileReference section */
		191D5252228CAA7E0094F394 /* Desafio - TableView.app */ = {isa = PBXFileReference; explicitFileType = wrapper.application; includeInIndex = 0; path = "Desafio - TableView.app"; sourceTree = BUILT_PRODUCTS_DIR; };
		191D5255228CAA7E0094F394 /* AppDelegate.swift */ = {isa = PBXFileReference; lastKnownFileType = sourcecode.swift; path = AppDelegate.swift; sourceTree = "<group>"; };
		191D5257228CAA7E0094F394 /* ViewController.swift */ = {isa = PBXFileReference; lastKnownFileType = sourcecode.swift; path = ViewController.swift; sourceTree = "<group>"; };
		191D525A228CAA7E0094F394 /* Base */ = {isa = PBXFileReference; lastKnownFileType = file.storyboard; name = Base; path = Base.lproj/Main.storyboard; sourceTree = "<group>"; };
		191D525C228CAA7F0094F394 /* Assets.xcassets */ = {isa = PBXFileReference; lastKnownFileType = folder.assetcatalog; path = Assets.xcassets; sourceTree = "<group>"; };
		191D525F228CAA7F0094F394 /* Base */ = {isa = PBXFileReference; lastKnownFileType = file.storyboard; name = Base; path = Base.lproj/LaunchScreen.storyboard; sourceTree = "<group>"; };
		191D5261228CAA7F0094F394 /* Info.plist */ = {isa = PBXFileReference; lastKnownFileType = text.plist.xml; path = Info.plist; sourceTree = "<group>"; };
		191D5270228CCF070094F394 /* Gradient.swift */ = {isa = PBXFileReference; lastKnownFileType = sourcecode.swift; path = Gradient.swift; sourceTree = "<group>"; };
		1962B3F3228F56950020E2D8 /* Aluno.swift */ = {isa = PBXFileReference; lastKnownFileType = sourcecode.swift; path = Aluno.swift; sourceTree = "<group>"; };
		1962B3F5228F57110020E2D8 /* Classe.swift */ = {isa = PBXFileReference; lastKnownFileType = sourcecode.swift; path = Classe.swift; sourceTree = "<group>"; };
/* End PBXFileReference section */

/* Begin PBXFrameworksBuildPhase section */
		191D524F228CAA7E0094F394 /* Frameworks */ = {
			isa = PBXFrameworksBuildPhase;
			buildActionMask = 2147483647;
			files = (
			);
			runOnlyForDeploymentPostprocessing = 0;
		};
/* End PBXFrameworksBuildPhase section */

/* Begin PBXGroup section */
		191D5249228CAA7E0094F394 = {
			isa = PBXGroup;
			children = (
				191D5254228CAA7E0094F394 /* Desafio - TableView */,
				191D5253228CAA7E0094F394 /* Products */,
			);
			sourceTree = "<group>";
		};
		191D5253228CAA7E0094F394 /* Products */ = {
			isa = PBXGroup;
			children = (
				191D5252228CAA7E0094F394 /* Desafio - TableView.app */,
			);
			name = Products;
			sourceTree = "<group>";
		};
		191D5254228CAA7E0094F394 /* Desafio - TableView */ = {
			isa = PBXGroup;
			children = (
				191D5267228CAD940094F394 /* Classes */,
				191D5255228CAA7E0094F394 /* AppDelegate.swift */,
				191D5257228CAA7E0094F394 /* ViewController.swift */,
				191D5259228CAA7E0094F394 /* Main.storyboard */,
				191D525C228CAA7F0094F394 /* Assets.xcassets */,
				191D525E228CAA7F0094F394 /* LaunchScreen.storyboard */,
				191D5261228CAA7F0094F394 /* Info.plist */,
			);
			path = "Desafio - TableView";
			sourceTree = "<group>";
		};
		191D5267228CAD940094F394 /* Classes */ = {
			isa = PBXGroup;
			children = (
				191D5270228CCF070094F394 /* Gradient.swift */,
				1962B3F3228F56950020E2D8 /* Aluno.swift */,
				1962B3F5228F57110020E2D8 /* Classe.swift */,
			);
			path = Classes;
			sourceTree = "<group>";
		};
/* End PBXGroup section */

/* Begin PBXNativeTarget section */
		191D5251228CAA7E0094F394 /* Desafio - TableView */ = {
			isa = PBXNativeTarget;
			buildConfigurationList = 191D5264228CAA7F0094F394 /* Build configuration list for PBXNativeTarget "Desafio - TableView" */;
			buildPhases = (
				191D524E228CAA7E0094F394 /* Sources */,
				191D524F228CAA7E0094F394 /* Frameworks */,
				191D5250228CAA7E0094F394 /* Resources */,
			);
			buildRules = (
			);
			dependencies = (
			);
			name = "Desafio - TableView";
			productName = "Desafio - TableView";
			productReference = 191D5252228CAA7E0094F394 /* Desafio - TableView.app */;
			productType = "com.apple.product-type.application";
		};
/* End PBXNativeTarget section */

/* Begin PBXProject section */
		191D524A228CAA7E0094F394 /* Project object */ = {
			isa = PBXProject;
			attributes = {
				LastSwiftUpdateCheck = 1020;
				LastUpgradeCheck = 1020;
				ORGANIZATIONNAME = "Giuliano Accorsi";
				TargetAttributes = {
					191D5251228CAA7E0094F394 = {
						CreatedOnToolsVersion = 10.2.1;
					};
				};
			};
			buildConfigurationList = 191D524D228CAA7E0094F394 /* Build configuration list for PBXProject "Desafio - TableView" */;
			compatibilityVersion = "Xcode 9.3";
			developmentRegion = en;
			hasScannedForEncodings = 0;
			knownRegions = (
				en,
				Base,
			);
			mainGroup = 191D5249228CAA7E0094F394;
			productRefGroup = 191D5253228CAA7E0094F394 /* Products */;
			projectDirPath = "";
			projectRoot = "";
			targets = (
				191D5251228CAA7E0094F394 /* Desafio - TableView */,
			);
		};
/* End PBXProject section */

/* Begin PBXResourcesBuildPhase section */
		191D5250228CAA7E0094F394 /* Resources */ = {
			isa = PBXResourcesBuildPhase;
			buildActionMask = 2147483647;
			files = (
				191D5260228CAA7F0094F394 /* LaunchScreen.storyboard in Resources */,
				191D525D228CAA7F0094F394 /* Assets.xcassets in Resources */,
				191D525B228CAA7E0094F394 /* Main.storyboard in Resources */,
			);
			runOnlyForDeploymentPostprocessing = 0;
		};
/* End PBXResourcesBuildPhase section */

/* Begin PBXSourcesBuildPhase section */
		191D524E228CAA7E0094F394 /* Sources */ = {
			isa = PBXSourcesBuildPhase;
			buildActionMask = 2147483647;
			files = (
				191D5258228CAA7E0094F394 /* ViewController.swift in Sources */,
				1962B3F4228F56950020E2D8 /* Aluno.swift in Sources */,
				191D5256228CAA7E0094F394 /* AppDelegate.swift in Sources */,
				1962B3F6228F57110020E2D8 /* Classe.swift in Sources */,
				191D5271228CCF070094F394 /* Gradient.swift in Sources */,
			);
			runOnlyForDeploymentPostprocessing = 0;
		};
/* End PBXSourcesBuildPhase section */

/* Begin PBXVariantGroup section */
		191D5259228CAA7E0094F394 /* Main.storyboard */ = {
			isa = PBXVariantGroup;
			children = (
				191D525A228CAA7E0094F394 /* Base */,
			);
			name = Main.storyboard;
			sourceTree = "<group>";
		};
		191D525E228CAA7F0094F394 /* LaunchScreen.storyboard */ = {
			isa = PBXVariantGroup;
			children = (
				191D525F228CAA7F0094F394 /* Base */,
			);
			name = LaunchScreen.storyboard;
			sourceTree = "<group>";
		};
/* End PBXVariantGroup section */

/* Begin XCBuildConfiguration section */
		191D5262228CAA7F0094F394 /* Debug */ = {
			isa = XCBuildConfiguration;
			buildSettings = {
				ALWAYS_SEARCH_USER_PATHS = NO;
				CLANG_ANALYZER_NONNULL = YES;
				CLANG_ANALYZER_NUMBER_OBJECT_CONVERSION = YES_AGGRESSIVE;
				CLANG_CXX_LANGUAGE_STANDARD = "gnu++14";
				CLANG_CXX_LIBRARY = "libc++";
				CLANG_ENABLE_MODULES = YES;
				CLANG_ENABLE_OBJC_ARC = YES;
				CLANG_ENABLE_OBJC_WEAK = YES;
				CLANG_WARN_BLOCK_CAPTURE_AUTORELEASING = YES;
				CLANG_WARN_BOOL_CONVERSION = YES;
				CLANG_WARN_COMMA = YES;
				CLANG_WARN_CONSTANT_CONVERSION = YES;
				CLANG_WARN_DEPRECATED_OBJC_IMPLEMENTATIONS = YES;
				CLANG_WARN_DIRECT_OBJC_ISA_USAGE = YES_ERROR;
				CLANG_WARN_DOCUMENTATION_COMMENTS = YES;
				CLANG_WARN_EMPTY_BODY = YES;
				CLANG_WARN_ENUM_CONVERSION = YES;
				CLANG_WARN_INFINITE_RECURSION = YES;
				CLANG_WARN_INT_CONVERSION = YES;
				CLANG_WARN_NON_LITERAL_NULL_CONVERSION = YES;
				CLANG_WARN_OBJC_IMPLICIT_RETAIN_SELF = YES;
				CLANG_WARN_OBJC_LITERAL_CONVERSION = YES;
				CLANG_WARN_OBJC_ROOT_CLASS = YES_ERROR;
				CLANG_WARN_RANGE_LOOP_ANALYSIS = YES;
				CLANG_WARN_STRICT_PROTOTYPES = YES;
				CLANG_WARN_SUSPICIOUS_MOVE = YES;
				CLANG_WARN_UNGUARDED_AVAILABILITY = YES_AGGRESSIVE;
				CLANG_WARN_UNREACHABLE_CODE = YES;
				CLANG_WARN__DUPLICATE_METHOD_MATCH = YES;
				CODE_SIGN_IDENTITY = "iPhone Developer";
				COPY_PHASE_STRIP = NO;
				DEBUG_INFORMATION_FORMAT = dwarf;
				ENABLE_STRICT_OBJC_MSGSEND = YES;
				ENABLE_TESTABILITY = YES;
				GCC_C_LANGUAGE_STANDARD = gnu11;
				GCC_DYNAMIC_NO_PIC = NO;
				GCC_NO_COMMON_BLOCKS = YES;
				GCC_OPTIMIZATION_LEVEL = 0;
				GCC_PREPROCESSOR_DEFINITIONS = (
					"DEBUG=1",
					"$(inherited)",
				);
				GCC_WARN_64_TO_32_BIT_CONVERSION = YES;
				GCC_WARN_ABOUT_RETURN_TYPE = YES_ERROR;
				GCC_WARN_UNDECLARED_SELECTOR = YES;
				GCC_WARN_UNINITIALIZED_AUTOS = YES_AGGRESSIVE;
				GCC_WARN_UNUSED_FUNCTION = YES;
				GCC_WARN_UNUSED_VARIABLE = YES;
				IPHONEOS_DEPLOYMENT_TARGET = 12.2;
				MTL_ENABLE_DEBUG_INFO = INCLUDE_SOURCE;
				MTL_FAST_MATH = YES;
				ONLY_ACTIVE_ARCH = YES;
				SDKROOT = iphoneos;
				SWIFT_ACTIVE_COMPILATION_CONDITIONS = DEBUG;
				SWIFT_OPTIMIZATION_LEVEL = "-Onone";
			};
			name = Debug;
		};
		191D5263228CAA7F0094F394 /* Release */ = {
			isa = XCBuildConfiguration;
			buildSettings = {
				ALWAYS_SEARCH_USER_PATHS = NO;
				CLANG_ANALYZER_NONNULL = YES;
				CLANG_ANALYZER_NUMBER_OBJECT_CONVERSION = YES_AGGRESSIVE;
				CLANG_CXX_LANGUAGE_STANDARD = "gnu++14";
				CLANG_CXX_LIBRARY = "libc++";
				CLANG_ENABLE_MODULES = YES;
				CLANG_ENABLE_OBJC_ARC = YES;
				CLANG_ENABLE_OBJC_WEAK = YES;
				CLANG_WARN_BLOCK_CAPTURE_AUTORELEASING = YES;
				CLANG_WARN_BOOL_CONVERSION = YES;
				CLANG_WARN_COMMA = YES;
				CLANG_WARN_CONSTANT_CONVERSION = YES;
				CLANG_WARN_DEPRECATED_OBJC_IMPLEMENTATIONS = YES;
				CLANG_WARN_DIRECT_OBJC_ISA_USAGE = YES_ERROR;
				CLANG_WARN_DOCUMENTATION_COMMENTS = YES;
				CLANG_WARN_EMPTY_BODY = YES;
				CLANG_WARN_ENUM_CONVERSION = YES;
				CLANG_WARN_INFINITE_RECURSION = YES;
				CLANG_WARN_INT_CONVERSION = YES;
				CLANG_WARN_NON_LITERAL_NULL_CONVERSION = YES;
				CLANG_WARN_OBJC_IMPLICIT_RETAIN_SELF = YES;
				CLANG_WARN_OBJC_LITERAL_CONVERSION = YES;
				CLANG_WARN_OBJC_ROOT_CLASS = YES_ERROR;
				CLANG_WARN_RANGE_LOOP_ANALYSIS = YES;
				CLANG_WARN_STRICT_PROTOTYPES = YES;
				CLANG_WARN_SUSPICIOUS_MOVE = YES;
				CLANG_WARN_UNGUARDED_AVAILABILITY = YES_AGGRESSIVE;
				CLANG_WARN_UNREACHABLE_CODE = YES;
				CLANG_WARN__DUPLICATE_METHOD_MATCH = YES;
				CODE_SIGN_IDENTITY = "iPhone Developer";
				COPY_PHASE_STRIP = NO;
				DEBUG_INFORMATION_FORMAT = "dwarf-with-dsym";
				ENABLE_NS_ASSERTIONS = NO;
				ENABLE_STRICT_OBJC_MSGSEND = YES;
				GCC_C_LANGUAGE_STANDARD = gnu11;
				GCC_NO_COMMON_BLOCKS = YES;
				GCC_WARN_64_TO_32_BIT_CONVERSION = YES;
				GCC_WARN_ABOUT_RETURN_TYPE = YES_ERROR;
				GCC_WARN_UNDECLARED_SELECTOR = YES;
				GCC_WARN_UNINITIALIZED_AUTOS = YES_AGGRESSIVE;
				GCC_WARN_UNUSED_FUNCTION = YES;
				GCC_WARN_UNUSED_VARIABLE = YES;
				IPHONEOS_DEPLOYMENT_TARGET = 12.2;
				MTL_ENABLE_DEBUG_INFO = NO;
				MTL_FAST_MATH = YES;
				SDKROOT = iphoneos;
				SWIFT_COMPILATION_MODE = wholemodule;
				SWIFT_OPTIMIZATION_LEVEL = "-O";
				VALIDATE_PRODUCT = YES;
			};
			name = Release;
		};
		191D5265228CAA7F0094F394 /* Debug */ = {
			isa = XCBuildConfiguration;
			buildSettings = {
				ASSETCATALOG_COMPILER_APPICON_NAME = AppIcon;
				CODE_SIGN_STYLE = Automatic;
				DEVELOPMENT_TEAM = 56MT3P2HNL;
				INFOPLIST_FILE = "Desafio - TableView/Info.plist";
				LD_RUNPATH_SEARCH_PATHS = (
					"$(inherited)",
					"@executable_path/Frameworks",
				);
				PRODUCT_BUNDLE_IDENTIFIER = "com.GiulianoAccorsi.Desafio---TableView";
				PRODUCT_NAME = "$(TARGET_NAME)";
				SWIFT_VERSION = 5.0;
				TARGETED_DEVICE_FAMILY = "1,2";
			};
			name = Debug;
		};
		191D5266228CAA7F0094F394 /* Release */ = {
			isa = XCBuildConfiguration;
			buildSettings = {
				ASSETCATALOG_COMPILER_APPICON_NAME = AppIcon;
				CODE_SIGN_STYLE = Automatic;
				DEVELOPMENT_TEAM = 56MT3P2HNL;
				INFOPLIST_FILE = "Desafio - TableView/Info.plist";
				LD_RUNPATH_SEARCH_PATHS = (
					"$(inherited)",
					"@executable_path/Frameworks",
				);
				PRODUCT_BUNDLE_IDENTIFIER = "com.GiulianoAccorsi.Desafio---TableView";
				PRODUCT_NAME = "$(TARGET_NAME)";
				SWIFT_VERSION = 5.0;
				TARGETED_DEVICE_FAMILY = "1,2";
			};
			name = Release;
		};
/* End XCBuildConfiguration section */

/* Begin XCConfigurationList section */
		191D524D228CAA7E0094F394 /* Build configuration list for PBXProject "Desafio - TableView" */ = {
			isa = XCConfigurationList;
			buildConfigurations = (
				191D5262228CAA7F0094F394 /* Debug */,
				191D5263228CAA7F0094F394 /* Release */,
			);
			defaultConfigurationIsVisible = 0;
			defaultConfigurationName = Release;
		};
		191D5264228CAA7F0094F394 /* Build configuration list for PBXNativeTarget "Desafio - TableView" */ = {
			isa = XCConfigurationList;
			buildConfigurations = (
				191D5265228CAA7F0094F394 /* Debug */,
				191D5266228CAA7F0094F394 /* Release */,
			);
			defaultConfigurationIsVisible = 0;
			defaultConfigurationName = Release;
		};
/* End XCConfigurationList section */
	};
	rootObject = 191D524A228CAA7E0094F394 /* Project object */;
}
